
Microsoft Visual Studio Solution File, Format Version 12.00
# Visual Studio 15
VisualStudioVersion = 15.0.27130.2026
MinimumVisualStudioVersion = 10.0.40219.1
Project("{FAE04EC0-301F-11D3-BF4B-00C04F79EFBC}") = "Newsgirl.Fetcher", "src\Newsgirl.Fetcher\Newsgirl.Fetcher.csproj", "{DE449953-0F80-4990-A393-59BB5640BEC2}"
EndProject
Project("{FAE04EC0-301F-11D3-BF4B-00C04F79EFBC}") = "Newsgirl.Shared", "src\Newsgirl.Shared\Newsgirl.Shared.csproj", "{785A26B1-158C-422C-80C5-6861286FF141}"
EndProject
Project("{FAE04EC0-301F-11D3-BF4B-00C04F79EFBC}") = "Newsgirl.Fetcher.Tests", "test\Newsgirl.Fetcher.Tests\Newsgirl.Fetcher.Tests.csproj", "{341C17CC-5924-4E0B-A612-7BA229F56DA0}"
EndProject
Project("{2150E333-8FDC-42A3-9474-1A3956D46DE8}") = "src", "src", "{44043264-CC44-4439-9FC7-9C742BFC20E3}"
EndProject
Project("{2150E333-8FDC-42A3-9474-1A3956D46DE8}") = "test", "test", "{5D38EA31-38B4-4DF1-828C-C1DEB9E9E490}"
EndProject
Project("{FAE04EC0-301F-11D3-BF4B-00C04F79EFBC}") = "Newsgirl.Testing", "test\Newsgirl.Testing\Newsgirl.Testing.csproj", "{7735D681-F454-4A6B-AE36-0FC7176F7096}"
EndProject
Project("{FAE04EC0-301F-11D3-BF4B-00C04F79EFBC}") = "Newsgirl.Shared.Tests", "test\Newsgirl.Shared.Tests\Newsgirl.Shared.Tests.csproj", "{C4E3E67E-7577-44E6-A2AC-E00C1558E696}"
EndProject
Project("{2150E333-8FDC-42A3-9474-1A3956D46DE8}") = "research", "research", "{397EC4FE-1C53-4584-B17D-130ED0C4C80D}"
EndProject
Project("{FAE04EC0-301F-11D3-BF4B-00C04F79EFBC}") = "Newsgirl.Server", "src\Newsgirl.Server\Newsgirl.Server.csproj", "{13505A89-3551-4CE6-BE7C-DAF77F460B9A}"
EndProject
Project("{FAE04EC0-301F-11D3-BF4B-00C04F79EFBC}") = "Newsgirl.Server.Tests", "test\Newsgirl.Server.Tests\Newsgirl.Server.Tests.csproj", "{90818C21-8E03-4D11-B05C-0A26B6D841EF}"
EndProject
Project("{FAE04EC0-301F-11D3-BF4B-00C04F79EFBC}") = "Newsgirl.Benchmarks", "test\Newsgirl.Benchmarks\Newsgirl.Benchmarks.csproj", "{3B9328D8-D132-49FC-976C-81F24C160277}"
EndProject
Project("{FAE04EC0-301F-11D3-BF4B-00C04F79EFBC}") = "elk-client", "..\research\elk-client\elk-client.csproj", "{20919712-D925-4C1D-AC51-5A650187941D}"
EndProject
Global
	GlobalSection(SolutionConfigurationPlatforms) = preSolution
		Debug|Any CPU = Debug|Any CPU
		Release|Any CPU = Release|Any CPU
	EndGlobalSection
	GlobalSection(ProjectConfigurationPlatforms) = postSolution
		{DE449953-0F80-4990-A393-59BB5640BEC2}.Debug|Any CPU.ActiveCfg = Debug|Any CPU
		{DE449953-0F80-4990-A393-59BB5640BEC2}.Debug|Any CPU.Build.0 = Debug|Any CPU
		{DE449953-0F80-4990-A393-59BB5640BEC2}.Release|Any CPU.ActiveCfg = Release|Any CPU
		{DE449953-0F80-4990-A393-59BB5640BEC2}.Release|Any CPU.Build.0 = Release|Any CPU
		{785A26B1-158C-422C-80C5-6861286FF141}.Debug|Any CPU.ActiveCfg = Debug|Any CPU
		{785A26B1-158C-422C-80C5-6861286FF141}.Debug|Any CPU.Build.0 = Debug|Any CPU
		{785A26B1-158C-422C-80C5-6861286FF141}.Release|Any CPU.ActiveCfg = Release|Any CPU
		{785A26B1-158C-422C-80C5-6861286FF141}.Release|Any CPU.Build.0 = Release|Any CPU
		{341C17CC-5924-4E0B-A612-7BA229F56DA0}.Debug|Any CPU.ActiveCfg = Debug|Any CPU
		{341C17CC-5924-4E0B-A612-7BA229F56DA0}.Debug|Any CPU.Build.0 = Debug|Any CPU
		{341C17CC-5924-4E0B-A612-7BA229F56DA0}.Release|Any CPU.ActiveCfg = Release|Any CPU
		{341C17CC-5924-4E0B-A612-7BA229F56DA0}.Release|Any CPU.Build.0 = Release|Any CPU
		{7735D681-F454-4A6B-AE36-0FC7176F7096}.Debug|Any CPU.ActiveCfg = Debug|Any CPU
		{7735D681-F454-4A6B-AE36-0FC7176F7096}.Debug|Any CPU.Build.0 = Debug|Any CPU
		{7735D681-F454-4A6B-AE36-0FC7176F7096}.Release|Any CPU.ActiveCfg = Release|Any CPU
		{7735D681-F454-4A6B-AE36-0FC7176F7096}.Release|Any CPU.Build.0 = Release|Any CPU
		{C4E3E67E-7577-44E6-A2AC-E00C1558E696}.Debug|Any CPU.ActiveCfg = Debug|Any CPU
		{C4E3E67E-7577-44E6-A2AC-E00C1558E696}.Debug|Any CPU.Build.0 = Debug|Any CPU
		{C4E3E67E-7577-44E6-A2AC-E00C1558E696}.Release|Any CPU.ActiveCfg = Release|Any CPU
		{C4E3E67E-7577-44E6-A2AC-E00C1558E696}.Release|Any CPU.Build.0 = Release|Any CPU
		{13505A89-3551-4CE6-BE7C-DAF77F460B9A}.Debug|Any CPU.ActiveCfg = Debug|Any CPU
		{13505A89-3551-4CE6-BE7C-DAF77F460B9A}.Debug|Any CPU.Build.0 = Debug|Any CPU
		{13505A89-3551-4CE6-BE7C-DAF77F460B9A}.Release|Any CPU.ActiveCfg = Release|Any CPU
		{13505A89-3551-4CE6-BE7C-DAF77F460B9A}.Release|Any CPU.Build.0 = Release|Any CPU
		{90818C21-8E03-4D11-B05C-0A26B6D841EF}.Debug|Any CPU.ActiveCfg = Debug|Any CPU
		{90818C21-8E03-4D11-B05C-0A26B6D841EF}.Debug|Any CPU.Build.0 = Debug|Any CPU
		{90818C21-8E03-4D11-B05C-0A26B6D841EF}.Release|Any CPU.ActiveCfg = Release|Any CPU
		{90818C21-8E03-4D11-B05C-0A26B6D841EF}.Release|Any CPU.Build.0 = Release|Any CPU
		{3B9328D8-D132-49FC-976C-81F24C160277}.Debug|Any CPU.ActiveCfg = Debug|Any CPU
		{3B9328D8-D132-49FC-976C-81F24C160277}.Debug|Any CPU.Build.0 = Debug|Any CPU
		{3B9328D8-D132-49FC-976C-81F24C160277}.Release|Any CPU.ActiveCfg = Release|Any CPU
		{3B9328D8-D132-49FC-976C-81F24C160277}.Release|Any CPU.Build.0 = Release|Any CPU
		{20919712-D925-4C1D-AC51-5A650187941D}.Debug|Any CPU.ActiveCfg = Debug|Any CPU
		{20919712-D925-4C1D-AC51-5A650187941D}.Debug|Any CPU.Build.0 = Debug|Any CPU
		{20919712-D925-4C1D-AC51-5A650187941D}.Release|Any CPU.ActiveCfg = Release|Any CPU
		{20919712-D925-4C1D-AC51-5A650187941D}.Release|Any CPU.Build.0 = Release|Any CPU
	EndGlobalSection
	GlobalSection(SolutionProperties) = preSolution
		HideSolutionNode = FALSE
	EndGlobalSection
	GlobalSection(ExtensibilityGlobals) = postSolution
		SolutionGuid = {BBB5D641-6457-488E-B701-19804295955B}
	EndGlobalSection
	GlobalSection(NestedProjects) = preSolution
		{DE449953-0F80-4990-A393-59BB5640BEC2} = {44043264-CC44-4439-9FC7-9C742BFC20E3}
		{785A26B1-158C-422C-80C5-6861286FF141} = {44043264-CC44-4439-9FC7-9C742BFC20E3}
		{341C17CC-5924-4E0B-A612-7BA229F56DA0} = {5D38EA31-38B4-4DF1-828C-C1DEB9E9E490}
		{7735D681-F454-4A6B-AE36-0FC7176F7096} = {5D38EA31-38B4-4DF1-828C-C1DEB9E9E490}
		{C4E3E67E-7577-44E6-A2AC-E00C1558E696} = {5D38EA31-38B4-4DF1-828C-C1DEB9E9E490}
		{13505A89-3551-4CE6-BE7C-DAF77F460B9A} = {44043264-CC44-4439-9FC7-9C742BFC20E3}
		{90818C21-8E03-4D11-B05C-0A26B6D841EF} = {5D38EA31-38B4-4DF1-828C-C1DEB9E9E490}
		{3B9328D8-D132-49FC-976C-81F24C160277} = {5D38EA31-38B4-4DF1-828C-C1DEB9E9E490}
		{20919712-D925-4C1D-AC51-5A650187941D} = {397EC4FE-1C53-4584-B17D-130ED0C4C80D}
	EndGlobalSection
EndGlobal
